version = 1
requires-python = ">=3.10"

[[package]]
name = "aiohttp"
version = "3.13.2"
source = { registry = "https://pypi.org/simple" }

[[package]]
name = "beautifulsoup4"
version = "4.12.3"
source = { registry = "https://pypi.org/simple" }

[[package]]
name = "python-dotenv"
version = "1.0.1"
source = { registry = "https://pypi.org/simple" }

[[package]]
name = "requests"
version = "2.32.3"
source = { registry = "https://pypi.org/simple" }

[[package]]
name = "lxml"
version = "5.3.0"
source = { registry = "https://pypi.org/simple" }

[[package]]
name = "playwright"
version = "1.48.0"
source = { registry = "https://pypi.org/simple" }

[[package]]
name = "pymupdf"
version = "1.24.11"
source = { registry = "https://pypi.org/simple" }

[[package]]
name = "pytesseract"
version = "0.3.13"
source = { registry = "https://pypi.org/simple" }

[[package]]
name = "pillow"
version = "10.4.0"
source = { registry = "https://pypi.org/simple" }

[[package]]
name = "brave-search"
version = "0.1.9"
source = { registry = "https://pypi.org/simple" }
optional = true

[[package]]
name = "scillm"
version = "1.77.2"
source = { path = "../litellm" }
optional = true

[[package]]
name = "pytest"
version = "8.3.3"
source = { registry = "https://pypi.org/simple" }
optional = true

[[package]]
name = "pytest-asyncio"
version = "0.23.8"
source = { registry = "https://pypi.org/simple" }
optional = true

[[package]]
name = "ruff"
version = "0.6.8"
source = { registry = "https://pypi.org/simple" }
optional = true

[[package]]
name = "mypy"
version = "1.11.2"
source = { registry = "https://pypi.org/simple" }
optional = true

[[package]]
name = "jsonlines"
version = "4.0.0"
source = { registry = "https://pypi.org/simple" }
optional = true
